
Microsoft Visual Studio Solution File, Format Version 12.00
# Visual Studio 15
VisualStudioVersion = 15.0.27703.2026
MinimumVisualStudioVersion = 10.0.40219.1
Project("{FAE04EC0-301F-11D3-BF4B-00C04F79EFBC}") = "baidutool", "baidutool\baidutool.csproj", "{4C7C8E5C-F8C9-4772-8E33-52015220F441}"
EndProject
Global
	GlobalSection(SolutionConfigurationPlatforms) = preSolution
		Debug|Any CPU = Debug|Any CPU
		Release|Any CPU = Release|Any CPU
	EndGlobalSection
	GlobalSection(ProjectConfigurationPlatforms) = postSolution
		{4C7C8E5C-F8C9-4772-8E33-52015220F441}.Debug|Any CPU.ActiveCfg = Debug|Any CPU
		{4C7C8E5C-F8C9-4772-8E33-52015220F441}.Debug|Any CPU.Build.0 = Debug|Any CPU
		{4C7C8E5C-F8C9-4772-8E33-52015220F441}.Release|Any CPU.ActiveCfg = Release|Any CPU
		{4C7C8E5C-F8C9-4772-8E33-52015220F441}.Release|Any CPU.Build.0 = Release|Any CPU
	EndGlobalSection
	GlobalSection(SolutionProperties) = preSolution
		HideSolutionNode = FALSE
	EndGlobalSection
	GlobalSection(ExtensibilityGlobals) = postSolution
		SolutionGuid = {A962BD0D-A884-476C-A30A-FD696C7B869F}
	EndGlobalSection
EndGlobal
